<?xml version="1.0" encoding="utf-8"?>
<Project ToolsVersion="4.0" xmlns="http://schemas.microsoft.com/developer/msbuild/2003">
  <ItemGroup>
    <ClCompile Include="main.cpp" />
    <ClCompile Include="engine\math\Color.cpp">
      <Filter>engine\math</Filter>
    </ClCompile>
    <ClCompile Include="engine\utils\StringHelper.cpp">
      <Filter>engine\utils</Filter>
    </ClCompile>
    <ClCompile Include="engine\utils\Logger.cpp">
      <Filter>engine\utils</Filter>
    </ClCompile>
    <ClCompile Include="engine\core\CommandList.cpp">
      <Filter>engine\core</Filter>
    </ClCompile>
    <ClCompile Include="engine\core\CommandQueue.cpp">
      <Filter>engine\core</Filter>
    </ClCompile>
    <ClCompile Include="engine\core\DescriptorHeap.cpp">
      <Filter>engine\core</Filter>
    </ClCompile>
    <ClCompile Include="engine\core\DirectXBase.cpp">
      <Filter>engine\core</Filter>
    </ClCompile>
    <ClCompile Include="engine\core\DirectXCommonSettings.cpp">
      <Filter>engine\core</Filter>
    </ClCompile>
    <ClCompile Include="engine\core\RootParameter.cpp">
      <Filter>engine\core</Filter>
    </ClCompile>
    <ClCompile Include="engine\core\RootSignature.cpp">
      <Filter>engine\core</Filter>
    </ClCompile>
    <ClCompile Include="engine\core\VertexBuffer.cpp">
      <Filter>engine\core</Filter>
    </ClCompile>
    <ClCompile Include="engine\core\Window.cpp">
      <Filter>engine\core</Filter>
    </ClCompile>
    <ClCompile Include="engine\editor\EditorBase.cpp">
      <Filter>engine\editor</Filter>
    </ClCompile>
    <ClCompile Include="engine\graphics\Texture.cpp">
      <Filter>engine\graphics</Filter>
    </ClCompile>
    <ClCompile Include="engine\core\GraphicsPSO.cpp">
      <Filter>engine\core</Filter>
    </ClCompile>
    <ClCompile Include="engine\graphics\ShaderObject.cpp">
      <Filter>engine\graphics</Filter>
    </ClCompile>
    <ClCompile Include="engine\math\Vector4.cpp">
      <Filter>engine\math</Filter>
    </ClCompile>
    <ClCompile Include="engine\graphics\SpriteBase.cpp">
      <Filter>engine\graphics</Filter>
    </ClCompile>
    <ClCompile Include="engine\math\Vector2.cpp">
      <Filter>engine\math</Filter>
    </ClCompile>
    <ClCompile Include="engine\math\Vector3.cpp">
      <Filter>engine\math</Filter>
    </ClCompile>
    <ClCompile Include="engine\core\ResourceManager.cpp">
      <Filter>engine\core</Filter>
    </ClCompile>
    <ClCompile Include="engine\graphics\Renderer.cpp">
      <Filter>engine\graphics</Filter>
    </ClCompile>
    <ClCompile Include="engine\graphics\Sprite.cpp">
      <Filter>engine\graphics</Filter>
    </ClCompile>
    <ClCompile Include="engine\core\ConstantBuffer.cpp">
      <Filter>engine\core</Filter>
    </ClCompile>
    <ClCompile Include="engine\graphics\Camera.cpp">
      <Filter>engine\graphics</Filter>
    </ClCompile>
    <ClCompile Include="engine\core\IndexBuffer.cpp">
      <Filter>engine\core</Filter>
    </ClCompile>
    <ClCompile Include="engine\graphics\model\Material.cpp">
      <Filter>engine\graphics\model</Filter>
    </ClCompile>
    <ClCompile Include="engine\graphics\model\Mesh.cpp">
      <Filter>engine\graphics\model</Filter>
    </ClCompile>
    <ClCompile Include="engine\graphics\model\MeshSorter.cpp">
      <Filter>engine\graphics\model</Filter>
    </ClCompile>
    <ClCompile Include="engine\graphics\model\ModelData.cpp">
      <Filter>engine\graphics\model</Filter>
    </ClCompile>
    <ClCompile Include="engine\graphics\model\ModelInstance.cpp">
      <Filter>engine\graphics\model</Filter>
    </ClCompile>
    <ClCompile Include="engine\graphics\model\ModelBase.cpp">
      <Filter>engine\graphics\model</Filter>
    </ClCompile>
  </ItemGroup>
  <ItemGroup>
    <Filter Include="engine">
      <UniqueIdentifier>{4cfa7c93-9ef2-41c7-9db9-b0119f35ed39}</UniqueIdentifier>
    </Filter>
    <Filter Include="engine\math">
      <UniqueIdentifier>{9b381bd6-69bb-4c4c-9dca-899242200768}</UniqueIdentifier>
    </Filter>
    <Filter Include="engine\utils">
      <UniqueIdentifier>{b840cfae-fae3-451e-9924-9dab552a6893}</UniqueIdentifier>
    </Filter>
    <Filter Include="engine\core">
      <UniqueIdentifier>{ec61325c-3c48-40fb-b9a0-7360e10e2f4e}</UniqueIdentifier>
    </Filter>
    <Filter Include="engine\editor">
      <UniqueIdentifier>{41fc2202-f0ea-4fbe-9ed0-f11ac3732d6e}</UniqueIdentifier>
    </Filter>
    <Filter Include="engine\graphics">
      <UniqueIdentifier>{134a115c-55cc-4b65-b0f2-b1685246f944}</UniqueIdentifier>
    </Filter>
    <Filter Include="shader">
      <UniqueIdentifier>{6ddf98de-50ad-4b31-acc4-2ce90db133c9}</UniqueIdentifier>
    </Filter>
    <Filter Include="engine\graphics\model">
      <UniqueIdentifier>{de8b4bfd-c0f7-4c2b-8f2b-840edb4b7489}</UniqueIdentifier>
    </Filter>
  </ItemGroup>
  <ItemGroup>
    <ClInclude Include="engine\math\Color.h">
      <Filter>engine\math</Filter>
    </ClInclude>
    <ClInclude Include="engine\utils\StringHelper.h">
      <Filter>engine\utils</Filter>
    </ClInclude>
    <ClInclude Include="engine\utils\Logger.h">
      <Filter>engine\utils</Filter>
    </ClInclude>
    <ClInclude Include="engine\utils\SimplePool.h">
      <Filter>engine\utils</Filter>
    </ClInclude>
    <ClInclude Include="engine\core\CommandList.h">
      <Filter>engine\core</Filter>
    </ClInclude>
    <ClInclude Include="engine\core\CommandQueue.h">
      <Filter>engine\core</Filter>
    </ClInclude>
    <ClInclude Include="engine\core\DescriptorHeap.h">
      <Filter>engine\core</Filter>
    </ClInclude>
    <ClInclude Include="engine\core\DirectXBase.h">
      <Filter>engine\core</Filter>
    </ClInclude>
    <ClInclude Include="engine\core\DirectXCommonSettings.h">
      <Filter>engine\core</Filter>
    </ClInclude>
    <ClInclude Include="engine\core\RootParameter.h">
      <Filter>engine\core</Filter>
    </ClInclude>
    <ClInclude Include="engine\core\RootSignature.h">
      <Filter>engine\core</Filter>
    </ClInclude>
    <ClInclude Include="engine\core\VertexBuffer.h">
      <Filter>engine\core</Filter>
    </ClInclude>
    <ClInclude Include="engine\core\Window.h">
      <Filter>engine\core</Filter>
    </ClInclude>
    <ClInclude Include="engine\editor\EditorBase.h">
      <Filter>engine\editor</Filter>
    </ClInclude>
    <ClInclude Include="engine\graphics\Texture.h">
      <Filter>engine\graphics</Filter>
    </ClInclude>
    <ClInclude Include="engine\core\GraphicsPSO.h">
      <Filter>engine\core</Filter>
    </ClInclude>
    <ClInclude Include="engine\core\PSOInit.h">
      <Filter>engine\core</Filter>
    </ClInclude>
    <ClInclude Include="engine\graphics\ShaderObject.h">
      <Filter>engine\graphics</Filter>
    </ClInclude>
    <ClInclude Include="engine\math\Vector4.h">
      <Filter>engine\math</Filter>
    </ClInclude>
    <ClInclude Include="engine\graphics\SpriteBase.h">
      <Filter>engine\graphics</Filter>
    </ClInclude>
    <ClInclude Include="engine\math\Vector2.h">
      <Filter>engine\math</Filter>
    </ClInclude>
    <ClInclude Include="engine\math\MathUtil.h">
      <Filter>engine\math</Filter>
    </ClInclude>
    <ClInclude Include="engine\math\Matrix4.h">
      <Filter>engine\math</Filter>
    </ClInclude>
    <ClInclude Include="engine\math\Vector3.h">
      <Filter>engine\math</Filter>
    </ClInclude>
    <ClInclude Include="engine\core\ResourceManager.h">
      <Filter>engine\core</Filter>
    </ClInclude>
    <ClInclude Include="engine\graphics\Renderer.h">
      <Filter>engine\graphics</Filter>
    </ClInclude>
    <ClInclude Include="engine\graphics\Sprite.h">
      <Filter>engine\graphics</Filter>
    </ClInclude>
    <ClInclude Include="engine\core\ConstantBuffer.h">
      <Filter>engine\core</Filter>
    </ClInclude>
    <ClInclude Include="engine\math\Rect.h">
      <Filter>engine\math</Filter>
    </ClInclude>
    <ClInclude Include="engine\math\Quaternion.h">
      <Filter>engine\math</Filter>
    </ClInclude>
    <ClInclude Include="engine\graphics\Camera.h">
      <Filter>engine\graphics</Filter>
    </ClInclude>
    <ClInclude Include="engine\core\IndexBuffer.h">
      <Filter>engine\core</Filter>
    </ClInclude>
    <ClInclude Include="engine\utils\EnumFlags.h">
      <Filter>engine\utils</Filter>
    </ClInclude>
    <ClInclude Include="engine\graphics\model\Material.h">
      <Filter>engine\graphics\model</Filter>
    </ClInclude>
    <ClInclude Include="engine\graphics\model\Mesh.h">
      <Filter>engine\graphics\model</Filter>
    </ClInclude>
    <ClInclude Include="engine\graphics\model\MeshSorter.h">
      <Filter>engine\graphics\model</Filter>
    </ClInclude>
    <ClInclude Include="engine\graphics\model\ModelData.h">
      <Filter>engine\graphics\model</Filter>
    </ClInclude>
    <ClInclude Include="engine\graphics\model\PSOKey.h">
      <Filter>engine\graphics\model</Filter>
    </ClInclude>
    <ClInclude Include="engine\graphics\model\RenderQueue.h">
      <Filter>engine\graphics\model</Filter>
    </ClInclude>
    <ClInclude Include="engine\graphics\model\ModelInstance.h">
      <Filter>engine\graphics\model</Filter>
    </ClInclude>
    <ClInclude Include="engine\graphics\model\ModelBase.h">
      <Filter>engine\graphics\model</Filter>
    </ClInclude>
  </ItemGroup>
  <ItemGroup>
    <FxCompile Include="assets\shader\SimplePS.hlsl">
      <Filter>shader</Filter>
    </FxCompile>
    <FxCompile Include="assets\shader\SimpleVS.hlsl">
      <Filter>shader</Filter>
    </FxCompile>
    <FxCompile Include="assets\shader\SpritePS.hlsl">
      <Filter>shader</Filter>
    </FxCompile>
    <FxCompile Include="assets\shader\SpriteVS.hlsl">
      <Filter>shader</Filter>
    </FxCompile>
    <FxCompile Include="assets\shader\ModelPS.hlsl">
      <Filter>shader</Filter>
    </FxCompile>
    <FxCompile Include="assets\shader\ModelVS.hlsl">
      <Filter>shader</Filter>
    </FxCompile>
    <FxCompile Include="assets\shader\NoTextureModelPS.hlsl">
      <Filter>shader</Filter>
    </FxCompile>
  </ItemGroup>
  <ItemGroup>
    <None Include="assets\shader\Simple.hlsli">
      <Filter>shader</Filter>
    </None>
    <None Include="assets\shader\Sprite.hlsli">
      <Filter>shader</Filter>
    </None>
    <None Include="assets\shader\Model.hlsli">
      <Filter>shader</Filter>
    </None>
  </ItemGroup>
</Project>