
Microsoft Visual Studio Solution File, Format Version 12.00
# Visual Studio Version 17
VisualStudioVersion = 17.11.35312.102
MinimumVisualStudioVersion = 10.0.40219.1
Project("{8BC9CEB8-8B4A-11D0-8D11-00A0C91BC942}") = "app", "app.vcxproj", "{36D7E5EF-E150-413D-A8BD-765CE8EB2C89}"
EndProject
Project("{2150E333-8FDC-42A3-9474-1A3956D46DE8}") = "ソリューション項目", "ソリューション項目", "{46FD089E-8493-4027-AF84-F46F751B1F15}"
	ProjectSection(SolutionItems) = preProject
		.clang-format = .clang-format
		.editorconfig = .editorconfig
	EndProjectSection
EndProject
Project("{8BC9CEB8-8B4A-11D0-8D11-00A0C91BC942}") = "imgui", "external\imgui\imgui.vcxproj", "{F155C3C3-1F9C-4E08-B2B2-5F44E444080A}"
EndProject
Global
	GlobalSection(SolutionConfigurationPlatforms) = preSolution
		Debug|x64 = Debug|x64
		Debug|x86 = Debug|x86
		Release|x64 = Release|x64
		Release|x86 = Release|x86
	EndGlobalSection
	GlobalSection(ProjectConfigurationPlatforms) = postSolution
		{36D7E5EF-E150-413D-A8BD-765CE8EB2C89}.Debug|x64.ActiveCfg = Debug|x64
		{36D7E5EF-E150-413D-A8BD-765CE8EB2C89}.Debug|x64.Build.0 = Debug|x64
		{36D7E5EF-E150-413D-A8BD-765CE8EB2C89}.Debug|x86.ActiveCfg = Debug|Win32
		{36D7E5EF-E150-413D-A8BD-765CE8EB2C89}.Debug|x86.Build.0 = Debug|Win32
		{36D7E5EF-E150-413D-A8BD-765CE8EB2C89}.Release|x64.ActiveCfg = Release|x64
		{36D7E5EF-E150-413D-A8BD-765CE8EB2C89}.Release|x64.Build.0 = Release|x64
		{36D7E5EF-E150-413D-A8BD-765CE8EB2C89}.Release|x86.ActiveCfg = Release|Win32
		{36D7E5EF-E150-413D-A8BD-765CE8EB2C89}.Release|x86.Build.0 = Release|Win32
		{F155C3C3-1F9C-4E08-B2B2-5F44E444080A}.Debug|x64.ActiveCfg = Debug|x64
		{F155C3C3-1F9C-4E08-B2B2-5F44E444080A}.Debug|x64.Build.0 = Debug|x64
		{F155C3C3-1F9C-4E08-B2B2-5F44E444080A}.Debug|x86.ActiveCfg = Debug|Win32
		{F155C3C3-1F9C-4E08-B2B2-5F44E444080A}.Debug|x86.Build.0 = Debug|Win32
		{F155C3C3-1F9C-4E08-B2B2-5F44E444080A}.Release|x64.ActiveCfg = Release|x64
		{F155C3C3-1F9C-4E08-B2B2-5F44E444080A}.Release|x64.Build.0 = Release|x64
		{F155C3C3-1F9C-4E08-B2B2-5F44E444080A}.Release|x86.ActiveCfg = Release|Win32
		{F155C3C3-1F9C-4E08-B2B2-5F44E444080A}.Release|x86.Build.0 = Release|Win32
	EndGlobalSection
	GlobalSection(SolutionProperties) = preSolution
		HideSolutionNode = FALSE
	EndGlobalSection
	GlobalSection(ExtensibilityGlobals) = postSolution
		SolutionGuid = {9F0F3022-E14E-4E6C-B522-C52BEAD3DC97}
	EndGlobalSection
EndGlobal
