<?xml version="1.0" encoding="utf-8"?>
<Project ToolsVersion="4.0" xmlns="http://schemas.microsoft.com/developer/msbuild/2003">
  <ItemGroup>
    <ClCompile Include="main.cpp" />
    <ClCompile Include="engine\Window.cpp">
      <Filter>engine</Filter>
    </ClCompile>
    <ClCompile Include="engine\CommandList.cpp">
      <Filter>engine</Filter>
    </ClCompile>
    <ClCompile Include="engine\CommandQueue.cpp">
      <Filter>engine</Filter>
    </ClCompile>
    <ClCompile Include="engine\DescriptorHeap.cpp">
      <Filter>engine</Filter>
    </ClCompile>
    <ClCompile Include="engine\DirectXBase.cpp">
      <Filter>engine</Filter>
    </ClCompile>
    <ClCompile Include="engine\DirectXCommonSettings.cpp">
      <Filter>engine</Filter>
    </ClCompile>
    <ClCompile Include="math\Color.cpp">
      <Filter>math</Filter>
    </ClCompile>
    <ClCompile Include="engine\EditorBase.cpp">
      <Filter>engine</Filter>
    </ClCompile>
    <ClCompile Include="engine\StringHelper.cpp">
      <Filter>engine</Filter>
    </ClCompile>
    <ClCompile Include="engine\Logger.cpp">
      <Filter>engine</Filter>
    </ClCompile>
    <ClCompile Include="engine\Texture.cpp">
      <Filter>engine</Filter>
    </ClCompile>
  </ItemGroup>
  <ItemGroup>
    <Filter Include="engine">
      <UniqueIdentifier>{4cfa7c93-9ef2-41c7-9db9-b0119f35ed39}</UniqueIdentifier>
    </Filter>
    <Filter Include="math">
      <UniqueIdentifier>{9b381bd6-69bb-4c4c-9dca-899242200768}</UniqueIdentifier>
    </Filter>
  </ItemGroup>
  <ItemGroup>
    <ClInclude Include="engine\Window.h">
      <Filter>engine</Filter>
    </ClInclude>
    <ClInclude Include="engine\CommandList.h">
      <Filter>engine</Filter>
    </ClInclude>
    <ClInclude Include="engine\CommandQueue.h">
      <Filter>engine</Filter>
    </ClInclude>
    <ClInclude Include="engine\DescriptorHeap.h">
      <Filter>engine</Filter>
    </ClInclude>
    <ClInclude Include="engine\DirectXBase.h">
      <Filter>engine</Filter>
    </ClInclude>
    <ClInclude Include="engine\DirectXCommonSettings.h">
      <Filter>engine</Filter>
    </ClInclude>
    <ClInclude Include="math\Color.h">
      <Filter>math</Filter>
    </ClInclude>
    <ClInclude Include="engine\SimplePool.h">
      <Filter>engine</Filter>
    </ClInclude>
    <ClInclude Include="engine\EditorBase.h">
      <Filter>engine</Filter>
    </ClInclude>
    <ClInclude Include="engine\StringHelper.h">
      <Filter>engine</Filter>
    </ClInclude>
    <ClInclude Include="engine\Logger.h">
      <Filter>engine</Filter>
    </ClInclude>
    <ClInclude Include="engine\Texture.h">
      <Filter>engine</Filter>
    </ClInclude>
  </ItemGroup>
</Project>